{
	"name": "robino",
	"version": "0.2.0",
	"lockfileVersion": 3,
	"requires": true,
	"packages": {
		"": {
			"name": "robino",
			"version": "0.2.0",
			"license": "MIT",
			"dependencies": {
				"highlight.js": "^11.10.0",
				"js-yaml": "^4.1.0",
				"marked": "^14.0.0",
				"marked-gfm-heading-id": "^4.0.1",
				"marked-highlight": "^2.1.4",
				"marked-smartypants": "^1.1.8",
				"zod": "^3.23.8"
			},
			"devDependencies": {
				"@types/js-yaml": "^4.0.9",
				"bun-types": "latest",
				"prettier": "^3.3.3",
				"typescript": "^5.5.4"
			}
		},
		"node_modules/@types/js-yaml": {
			"version": "4.0.9",
			"dev": true,
			"license": "MIT"
		},
		"node_modules/@types/node": {
			"version": "20.12.14",
			"resolved": "https://registry.npmjs.org/@types/node/-/node-20.12.14.tgz",
			"integrity": "sha512-scnD59RpYD91xngrQQLGkE+6UrHUPzeKZWhhjBSa3HSkwjbQc38+q3RoIVEwxQGRw3M+j5hpNAM+lgV3cVormg==",
			"dev": true,
			"license": "MIT",
			"dependencies": {
				"undici-types": "~5.26.4"
			}
		},
		"node_modules/@types/ws": {
			"version": "8.5.12",
			"resolved": "https://registry.npmjs.org/@types/ws/-/ws-8.5.12.tgz",
			"integrity": "sha512-3tPRkv1EtkDpzlgyKyI8pGsGZAGPEaXeu0DOj5DI25Ja91bdAYddYHbADRYVrZMRbfW+1l5YwXVDKohDJNQxkQ==",
			"dev": true,
			"license": "MIT",
			"dependencies": {
				"@types/node": "*"
			}
		},
		"node_modules/argparse": {
			"version": "2.0.1",
			"license": "Python-2.0"
		},
		"node_modules/bun-types": {
			"version": "1.1.24",
			"resolved": "https://registry.npmjs.org/bun-types/-/bun-types-1.1.24.tgz",
			"integrity": "sha512-UNEcYawHWOVw9GYQdOgjJvTQduYlPckmRMqpBqfkWpUzeK2CZfEP/JOYBH6SMypyfkNg/Zsqf0olN6vMrSPg3w==",
			"dev": true,
			"license": "MIT",
			"dependencies": {
				"@types/node": "~20.12.8",
				"@types/ws": "~8.5.10"
			}
		},
		"node_modules/github-slugger": {
			"version": "2.0.0",
			"license": "ISC"
		},
		"node_modules/highlight.js": {
			"version": "11.10.0",
			"license": "BSD-3-Clause",
			"engines": {
				"node": ">=12.0.0"
			}
		},
		"node_modules/js-yaml": {
			"version": "4.1.0",
			"license": "MIT",
			"dependencies": {
				"argparse": "^2.0.1"
			},
			"bin": {
				"js-yaml": "bin/js-yaml.js"
			}
		},
		"node_modules/marked": {
			"version": "14.0.0",
			"license": "MIT",
			"bin": {
				"marked": "bin/marked.js"
			},
			"engines": {
				"node": ">= 18"
			}
		},
		"node_modules/marked-gfm-heading-id": {
			"version": "4.0.1",
			"license": "MIT",
			"dependencies": {
				"github-slugger": "^2.0.0"
			},
			"peerDependencies": {
				"marked": ">=13 <15"
			}
		},
		"node_modules/marked-highlight": {
			"version": "2.1.4",
			"license": "MIT",
			"peerDependencies": {
				"marked": ">=4 <15"
			}
		},
		"node_modules/marked-smartypants": {
			"version": "1.1.8",
			"license": "MIT",
			"dependencies": {
				"smartypants": "^0.2.2"
			},
			"peerDependencies": {
				"marked": ">=4 <15"
			}
		},
		"node_modules/prettier": {
			"version": "3.3.3",
			"dev": true,
			"license": "MIT",
			"bin": {
				"prettier": "bin/prettier.cjs"
			},
			"engines": {
				"node": ">=14"
			},
			"funding": {
				"url": "https://github.com/prettier/prettier?sponsor=1"
			}
		},
		"node_modules/smartypants": {
			"version": "0.2.2",
			"license": "BSD-3-Clause",
			"bin": {
				"smartypants": "bin/smartypants.js",
				"smartypantsu": "bin/smartypantsu.js"
			}
		},
		"node_modules/typescript": {
			"version": "5.5.4",
			"dev": true,
			"license": "Apache-2.0",
			"bin": {
				"tsc": "bin/tsc",
				"tsserver": "bin/tsserver"
			},
			"engines": {
				"node": ">=14.17"
			}
		},
		"node_modules/undici-types": {
			"version": "5.26.5",
			"resolved": "https://registry.npmjs.org/undici-types/-/undici-types-5.26.5.tgz",
			"integrity": "sha512-JlCMO+ehdEIKqlFxk6IfVoAUVmgz7cU7zD/h9XZ0qzeosSHmUJVOzSQvvYSYWXkFXC+IfLKSIffhv0sVZup6pA==",
			"dev": true,
			"license": "MIT"
		},
		"node_modules/zod": {
			"version": "3.23.8",
			"license": "MIT",
			"funding": {
				"url": "https://github.com/sponsors/colinhacks"
			}
		}
	}
}
